
Microsoft Visual Studio Solution File, Format Version 12.00
# Visual Studio Version 17
VisualStudioVersion = 17.9.34728.123
MinimumVisualStudioVersion = 10.0.40219.1
Project("{FAE04EC0-301F-11D3-BF4B-00C04F79EFBC}") = "Assembly-CSharp", "Assembly-CSharp.csproj", "{C3153C8A-0317-9AC5-0C42-7DA9BE0FAB5B}"
EndProject
Global
	GlobalSection(SolutionConfigurationPlatforms) = preSolution
		Debug|Any CPU = Debug|Any CPU
		Release|Any CPU = Release|Any CPU
	EndGlobalSection
	GlobalSection(ProjectConfigurationPlatforms) = postSolution
		{C3153C8A-0317-9AC5-0C42-7DA9BE0FAB5B}.Debug|Any CPU.ActiveCfg = Debug|Any CPU
		{C3153C8A-0317-9AC5-0C42-7DA9BE0FAB5B}.Debug|Any CPU.Build.0 = Debug|Any CPU
		{C3153C8A-0317-9AC5-0C42-7DA9BE0FAB5B}.Release|Any CPU.ActiveCfg = Release|Any CPU
		{C3153C8A-0317-9AC5-0C42-7DA9BE0FAB5B}.Release|Any CPU.Build.0 = Release|Any CPU
	EndGlobalSection
	GlobalSection(SolutionProperties) = preSolution
		HideSolutionNode = FALSE
	EndGlobalSection
	GlobalSection(ExtensibilityGlobals) = postSolution
		SolutionGuid = {919565D2-CCCF-466C-8D95-D950745F8232}
	EndGlobalSection
EndGlobal
